
Microsoft Visual Studio Solution File, Format Version 12.00
# Visual Studio Version 17
VisualStudioVersion = 17.0.31903.59
MinimumVisualStudioVersion = 10.0.40219.1
Project("{FAE04EC0-301F-11D3-BF4B-00C04F79EFBC}") = "TalentoPlus.Api", "TalentoPlus.Api\TalentoPlus.Api.csproj", "{0C0B343B-7F30-438B-96AC-7ED20FA05966}"
EndProject
Project("{FAE04EC0-301F-11D3-BF4B-00C04F79EFBC}") = "TalentoPlus.Application", "TalentoPlus.Application\TalentoPlus.Application.csproj", "{A3E89B7C-D760-479C-8663-3238DEA4EAC8}"
EndProject
Project("{FAE04EC0-301F-11D3-BF4B-00C04F79EFBC}") = "TalentoPlus.Domain", "TalentoPlus.Domain\TalentoPlus.Domain.csproj", "{B1B607FB-C9EE-4009-9F18-86B019246E4C}"
EndProject
Project("{FAE04EC0-301F-11D3-BF4B-00C04F79EFBC}") = "TalentoPlus.Infrastructure", "TalentoPlus.Infrastructure\TalentoPlus.Infrastructure.csproj", "{4C2E4921-53CA-4572-B0CE-7FCC26A5CD20}"
EndProject
Project("{FAE04EC0-301F-11D3-BF4B-00C04F79EFBC}") = "TalentoPlus.Tests", "TalentoPlus.Tests\TalentoPlus.Tests.csproj", "{DC70BFD3-9F40-405C-B657-54CDE88C3888}"
EndProject
Global
	GlobalSection(SolutionConfigurationPlatforms) = preSolution
		Debug|Any CPU = Debug|Any CPU
		Debug|x64 = Debug|x64
		Debug|x86 = Debug|x86
		Release|Any CPU = Release|Any CPU
		Release|x64 = Release|x64
		Release|x86 = Release|x86
	EndGlobalSection
	GlobalSection(ProjectConfigurationPlatforms) = postSolution
		{0C0B343B-7F30-438B-96AC-7ED20FA05966}.Debug|Any CPU.ActiveCfg = Debug|Any CPU
		{0C0B343B-7F30-438B-96AC-7ED20FA05966}.Debug|Any CPU.Build.0 = Debug|Any CPU
		{0C0B343B-7F30-438B-96AC-7ED20FA05966}.Debug|x64.ActiveCfg = Debug|Any CPU
		{0C0B343B-7F30-438B-96AC-7ED20FA05966}.Debug|x64.Build.0 = Debug|Any CPU
		{0C0B343B-7F30-438B-96AC-7ED20FA05966}.Debug|x86.ActiveCfg = Debug|Any CPU
		{0C0B343B-7F30-438B-96AC-7ED20FA05966}.Debug|x86.Build.0 = Debug|Any CPU
		{0C0B343B-7F30-438B-96AC-7ED20FA05966}.Release|Any CPU.ActiveCfg = Release|Any CPU
		{0C0B343B-7F30-438B-96AC-7ED20FA05966}.Release|Any CPU.Build.0 = Release|Any CPU
		{0C0B343B-7F30-438B-96AC-7ED20FA05966}.Release|x64.ActiveCfg = Release|Any CPU
		{0C0B343B-7F30-438B-96AC-7ED20FA05966}.Release|x64.Build.0 = Release|Any CPU
		{0C0B343B-7F30-438B-96AC-7ED20FA05966}.Release|x86.ActiveCfg = Release|Any CPU
		{0C0B343B-7F30-438B-96AC-7ED20FA05966}.Release|x86.Build.0 = Release|Any CPU
		{A3E89B7C-D760-479C-8663-3238DEA4EAC8}.Debug|Any CPU.ActiveCfg = Debug|Any CPU
		{A3E89B7C-D760-479C-8663-3238DEA4EAC8}.Debug|Any CPU.Build.0 = Debug|Any CPU
		{A3E89B7C-D760-479C-8663-3238DEA4EAC8}.Debug|x64.ActiveCfg = Debug|Any CPU
		{A3E89B7C-D760-479C-8663-3238DEA4EAC8}.Debug|x64.Build.0 = Debug|Any CPU
		{A3E89B7C-D760-479C-8663-3238DEA4EAC8}.Debug|x86.ActiveCfg = Debug|Any CPU
		{A3E89B7C-D760-479C-8663-3238DEA4EAC8}.Debug|x86.Build.0 = Debug|Any CPU
		{A3E89B7C-D760-479C-8663-3238DEA4EAC8}.Release|Any CPU.ActiveCfg = Release|Any CPU
		{A3E89B7C-D760-479C-8663-3238DEA4EAC8}.Release|Any CPU.Build.0 = Release|Any CPU
		{A3E89B7C-D760-479C-8663-3238DEA4EAC8}.Release|x64.ActiveCfg = Release|Any CPU
		{A3E89B7C-D760-479C-8663-3238DEA4EAC8}.Release|x64.Build.0 = Release|Any CPU
		{A3E89B7C-D760-479C-8663-3238DEA4EAC8}.Release|x86.ActiveCfg = Release|Any CPU
		{A3E89B7C-D760-479C-8663-3238DEA4EAC8}.Release|x86.Build.0 = Release|Any CPU
		{B1B607FB-C9EE-4009-9F18-86B019246E4C}.Debug|Any CPU.ActiveCfg = Debug|Any CPU
		{B1B607FB-C9EE-4009-9F18-86B019246E4C}.Debug|Any CPU.Build.0 = Debug|Any CPU
		{B1B607FB-C9EE-4009-9F18-86B019246E4C}.Debug|x64.ActiveCfg = Debug|Any CPU
		{B1B607FB-C9EE-4009-9F18-86B019246E4C}.Debug|x64.Build.0 = Debug|Any CPU
		{B1B607FB-C9EE-4009-9F18-86B019246E4C}.Debug|x86.ActiveCfg = Debug|Any CPU
		{B1B607FB-C9EE-4009-9F18-86B019246E4C}.Debug|x86.Build.0 = Debug|Any CPU
		{B1B607FB-C9EE-4009-9F18-86B019246E4C}.Release|Any CPU.ActiveCfg = Release|Any CPU
		{B1B607FB-C9EE-4009-9F18-86B019246E4C}.Release|Any CPU.Build.0 = Release|Any CPU
		{B1B607FB-C9EE-4009-9F18-86B019246E4C}.Release|x64.ActiveCfg = Release|Any CPU
		{B1B607FB-C9EE-4009-9F18-86B019246E4C}.Release|x64.Build.0 = Release|Any CPU
		{B1B607FB-C9EE-4009-9F18-86B019246E4C}.Release|x86.ActiveCfg = Release|Any CPU
		{B1B607FB-C9EE-4009-9F18-86B019246E4C}.Release|x86.Build.0 = Release|Any CPU
		{4C2E4921-53CA-4572-B0CE-7FCC26A5CD20}.Debug|Any CPU.ActiveCfg = Debug|Any CPU
		{4C2E4921-53CA-4572-B0CE-7FCC26A5CD20}.Debug|Any CPU.Build.0 = Debug|Any CPU
		{4C2E4921-53CA-4572-B0CE-7FCC26A5CD20}.Debug|x64.ActiveCfg = Debug|Any CPU
		{4C2E4921-53CA-4572-B0CE-7FCC26A5CD20}.Debug|x64.Build.0 = Debug|Any CPU
		{4C2E4921-53CA-4572-B0CE-7FCC26A5CD20}.Debug|x86.ActiveCfg = Debug|Any CPU
		{4C2E4921-53CA-4572-B0CE-7FCC26A5CD20}.Debug|x86.Build.0 = Debug|Any CPU
		{4C2E4921-53CA-4572-B0CE-7FCC26A5CD20}.Release|Any CPU.ActiveCfg = Release|Any CPU
		{4C2E4921-53CA-4572-B0CE-7FCC26A5CD20}.Release|Any CPU.Build.0 = Release|Any CPU
		{4C2E4921-53CA-4572-B0CE-7FCC26A5CD20}.Release|x64.ActiveCfg = Release|Any CPU
		{4C2E4921-53CA-4572-B0CE-7FCC26A5CD20}.Release|x64.Build.0 = Release|Any CPU
		{4C2E4921-53CA-4572-B0CE-7FCC26A5CD20}.Release|x86.ActiveCfg = Release|Any CPU
		{4C2E4921-53CA-4572-B0CE-7FCC26A5CD20}.Release|x86.Build.0 = Release|Any CPU
		{DC70BFD3-9F40-405C-B657-54CDE88C3888}.Debug|Any CPU.ActiveCfg = Debug|Any CPU
		{DC70BFD3-9F40-405C-B657-54CDE88C3888}.Debug|Any CPU.Build.0 = Debug|Any CPU
		{DC70BFD3-9F40-405C-B657-54CDE88C3888}.Debug|x64.ActiveCfg = Debug|Any CPU
		{DC70BFD3-9F40-405C-B657-54CDE88C3888}.Debug|x64.Build.0 = Debug|Any CPU
		{DC70BFD3-9F40-405C-B657-54CDE88C3888}.Debug|x86.ActiveCfg = Debug|Any CPU
		{DC70BFD3-9F40-405C-B657-54CDE88C3888}.Debug|x86.Build.0 = Debug|Any CPU
		{DC70BFD3-9F40-405C-B657-54CDE88C3888}.Release|Any CPU.ActiveCfg = Release|Any CPU
		{DC70BFD3-9F40-405C-B657-54CDE88C3888}.Release|Any CPU.Build.0 = Release|Any CPU
		{DC70BFD3-9F40-405C-B657-54CDE88C3888}.Release|x64.ActiveCfg = Release|Any CPU
		{DC70BFD3-9F40-405C-B657-54CDE88C3888}.Release|x64.Build.0 = Release|Any CPU
		{DC70BFD3-9F40-405C-B657-54CDE88C3888}.Release|x86.ActiveCfg = Release|Any CPU
		{DC70BFD3-9F40-405C-B657-54CDE88C3888}.Release|x86.Build.0 = Release|Any CPU
	EndGlobalSection
	GlobalSection(SolutionProperties) = preSolution
		HideSolutionNode = FALSE
	EndGlobalSection
EndGlobal
